Microsoft Visual Studio Solution File, Format Version 12.00
# Visual Studio 2013
VisualStudioVersion = 12.0.31101.0
MinimumVisualStudioVersion = 10.0.40219.1
Project("{FAE04EC0-301F-11D3-BF4B-00C04F79EFBC}") = "Core", "Core\Core.csproj", "{D6201287-86F3-41C0-B6C9-DB1AC3159ABC}"
EndProject
Project("{FAE04EC0-301F-11D3-BF4B-00C04F79EFBC}") = "UnitTests", "UnitTests\UnitTests.csproj", "{59F6C08E-5EED-4970-9529-48FECCAC9DA6}"
EndProject
Project("{FAE04EC0-301F-11D3-BF4B-00C04F79EFBC}") = "WindowsService", "WindowsService\WindowsService.csproj", "{A7DC8BD8-9B0F-4A92-B6DC-BAF332BF61D1}"
EndProject
Global
	GlobalSection(SolutionConfigurationPlatforms) = preSolution
		Debug|Any CPU = Debug|Any CPU
		Release|Any CPU = Release|Any CPU
	EndGlobalSection
	GlobalSection(ProjectConfigurationPlatforms) = postSolution
		{D6201287-86F3-41C0-B6C9-DB1AC3159ABC}.Debug|Any CPU.ActiveCfg = Debug|Any CPU
		{D6201287-86F3-41C0-B6C9-DB1AC3159ABC}.Debug|Any CPU.Build.0 = Debug|Any CPU
		{D6201287-86F3-41C0-B6C9-DB1AC3159ABC}.Release|Any CPU.ActiveCfg = Release|Any CPU
		{D6201287-86F3-41C0-B6C9-DB1AC3159ABC}.Release|Any CPU.Build.0 = Release|Any CPU
		{59F6C08E-5EED-4970-9529-48FECCAC9DA6}.Debug|Any CPU.ActiveCfg = Debug|Any CPU
		{59F6C08E-5EED-4970-9529-48FECCAC9DA6}.Debug|Any CPU.Build.0 = Debug|Any CPU
		{59F6C08E-5EED-4970-9529-48FECCAC9DA6}.Release|Any CPU.ActiveCfg = Release|Any CPU
		{59F6C08E-5EED-4970-9529-48FECCAC9DA6}.Release|Any CPU.Build.0 = Release|Any CPU
		{A7DC8BD8-9B0F-4A92-B6DC-BAF332BF61D1}.Debug|Any CPU.ActiveCfg = Debug|Any CPU
		{A7DC8BD8-9B0F-4A92-B6DC-BAF332BF61D1}.Debug|Any CPU.Build.0 = Debug|Any CPU
		{A7DC8BD8-9B0F-4A92-B6DC-BAF332BF61D1}.Release|Any CPU.ActiveCfg = Release|Any CPU
		{A7DC8BD8-9B0F-4A92-B6DC-BAF332BF61D1}.Release|Any CPU.Build.0 = Release|Any CPU
	EndGlobalSection
	GlobalSection(SolutionProperties) = preSolution
		HideSolutionNode = FALSE
	EndGlobalSection
EndGlobal
